
Microsoft Visual Studio Solution File, Format Version 12.00
# Visual Studio Version 17
VisualStudioVersion = 17.2.32630.192
MinimumVisualStudioVersion = 10.0.40219.1
Project("{FAE04EC0-301F-11D3-BF4B-00C04F79EFBC}") = "FirstStepsWithPlaywright", "FirstStepsWithPlaywright\FirstStepsWithPlaywright.csproj", "{3697D8C3-7CBF-49AF-9FC6-A086F4AD3055}"
EndProject
Global
	GlobalSection(SolutionConfigurationPlatforms) = preSolution
		Debug|Any CPU = Debug|Any CPU
		Release|Any CPU = Release|Any CPU
	EndGlobalSection
	GlobalSection(ProjectConfigurationPlatforms) = postSolution
		{3697D8C3-7CBF-49AF-9FC6-A086F4AD3055}.Debug|Any CPU.ActiveCfg = Debug|Any CPU
		{3697D8C3-7CBF-49AF-9FC6-A086F4AD3055}.Debug|Any CPU.Build.0 = Debug|Any CPU
		{3697D8C3-7CBF-49AF-9FC6-A086F4AD3055}.Release|Any CPU.ActiveCfg = Release|Any CPU
		{3697D8C3-7CBF-49AF-9FC6-A086F4AD3055}.Release|Any CPU.Build.0 = Release|Any CPU
	EndGlobalSection
	GlobalSection(SolutionProperties) = preSolution
		HideSolutionNode = FALSE
	EndGlobalSection
	GlobalSection(ExtensibilityGlobals) = postSolution
		SolutionGuid = {82A922A2-6D10-4D8E-ADA2-5CC93AE4EC12}
	EndGlobalSection
EndGlobal
